<?xml version="1.0" encoding="utf-8"?>
<Project ToolsVersion="4.0" xmlns="http://schemas.microsoft.com/developer/msbuild/2003">
  <ItemGroup>
    <ClCompile Include="src\ofApp.cpp">
      <Filter>src</Filter>
    </ClCompile>
    <ClCompile Include="src\main.cpp">
      <Filter>src</Filter>
    </ClCompile>
    <ClCompile Include="..\..\..\..\addons\ofxGui\src\ofxBaseGui.cpp">
      <Filter>addons\ofxGui\src</Filter>
    </ClCompile>
    <ClCompile Include="..\..\..\..\addons\ofxGui\src\ofxButton.cpp">
      <Filter>addons\ofxGui\src</Filter>
    </ClCompile>
    <ClCompile Include="..\..\..\..\addons\ofxGui\src\ofxGuiGroup.cpp">
      <Filter>addons\ofxGui\src</Filter>
    </ClCompile>
    <ClCompile Include="..\..\..\..\addons\ofxGui\src\ofxLabel.cpp">
      <Filter>addons\ofxGui\src</Filter>
    </ClCompile>
    <ClCompile Include="..\..\..\..\addons\ofxGui\src\ofxPanel.cpp">
      <Filter>addons\ofxGui\src</Filter>
    </ClCompile>
    <ClCompile Include="..\..\..\..\addons\ofxGui\src\ofxSlider.cpp">
      <Filter>addons\ofxGui\src</Filter>
    </ClCompile>
    <ClCompile Include="..\..\..\..\addons\ofxGui\src\ofxSliderGroup.cpp">
      <Filter>addons\ofxGui\src</Filter>
    </ClCompile>
    <ClCompile Include="..\..\..\..\addons\ofxGui\src\ofxToggle.cpp">
      <Filter>addons\ofxGui\src</Filter>
    </ClCompile>
    <ClCompile Include="..\..\..\..\addons\ofxOpenCv\src\ofxCvColorImage.cpp">
      <Filter>addons\ofxOpenCv\src</Filter>
    </ClCompile>
    <ClCompile Include="..\..\..\..\addons\ofxOpenCv\src\ofxCvContourFinder.cpp">
      <Filter>addons\ofxOpenCv\src</Filter>
    </ClCompile>
    <ClCompile Include="..\..\..\..\addons\ofxOpenCv\src\ofxCvFloatImage.cpp">
      <Filter>addons\ofxOpenCv\src</Filter>
    </ClCompile>
    <ClCompile Include="..\..\..\..\addons\ofxOpenCv\src\ofxCvGrayscaleImage.cpp">
      <Filter>addons\ofxOpenCv\src</Filter>
    </ClCompile>
    <ClCompile Include="..\..\..\..\addons\ofxOpenCv\src\ofxCvHaarFinder.cpp">
      <Filter>addons\ofxOpenCv\src</Filter>
    </ClCompile>
    <ClCompile Include="..\..\..\..\addons\ofxOpenCv\src\ofxCvImage.cpp">
      <Filter>addons\ofxOpenCv\src</Filter>
    </ClCompile>
    <ClCompile Include="..\..\..\..\addons\ofxOpenCv\src\ofxCvShortImage.cpp">
      <Filter>addons\ofxOpenCv\src</Filter>
    </ClCompile>
  </ItemGroup>
  <ItemGroup>
    <Filter Include="src">
      <UniqueIdentifier>{d8376475-7454-4a24-b08a-aac121d3ad6f}</UniqueIdentifier>
    </Filter>
    <Filter Include="addons">
      <UniqueIdentifier>{b0caa079-57fe-4a92-abef-5563a842bcde}</UniqueIdentifier>
    </Filter>
    <Filter Include="addons\ofxGui">
      <UniqueIdentifier>{33fc804b-c65e-4ae7-8461-a9feb48fd419}</UniqueIdentifier>
    </Filter>
    <Filter Include="addons\ofxGui\src">
      <UniqueIdentifier>{3e02cc2b-b866-44b8-a413-762fb1193ca1}</UniqueIdentifier>
    </Filter>
    <Filter Include="addons\ofxOpenCv">
      <UniqueIdentifier>{3667f459-9856-479f-b10d-165ce6751a10}</UniqueIdentifier>
    </Filter>
    <Filter Include="addons\ofxOpenCv\src">
      <UniqueIdentifier>{8720de14-0496-419a-9033-b9c2a937800c}</UniqueIdentifier>
    </Filter>
    <Filter Include="addons\ofxOpenCv\libs">
      <UniqueIdentifier>{70b21a0a-db63-4379-9ed0-f3a3913cad8a}</UniqueIdentifier>
    </Filter>
    <Filter Include="addons\ofxOpenCv\libs\opencv">
      <UniqueIdentifier>{d53f5bd2-8dd6-484f-b249-8fcb0672b62b}</UniqueIdentifier>
    </Filter>
    <Filter Include="addons\ofxOpenCv\libs\opencv\include">
      <UniqueIdentifier>{20147404-a567-47c1-913c-d2c27c4f6d40}</UniqueIdentifier>
    </Filter>
    <Filter Include="addons\ofxOpenCv\libs\opencv\include\opencv">
      <UniqueIdentifier>{fc3b55e2-6699-4064-af90-b98c70b56a0e}</UniqueIdentifier>
    </Filter>
    <Filter Include="addons\ofxOpenCv\libs\opencv\include\opencv2">
      <UniqueIdentifier>{2ecd0cc7-8d1f-4f73-a833-e6b6cd015829}</UniqueIdentifier>
    </Filter>
    <Filter Include="addons\ofxOpenCv\libs\opencv\include\opencv2\calib3d">
      <UniqueIdentifier>{072e1d7d-b890-437d-aeb4-67d0b61caae3}</UniqueIdentifier>
    </Filter>
    <Filter Include="addons\ofxOpenCv\libs\opencv\include\opencv2\contrib">
      <UniqueIdentifier>{dbb6c3cf-2ccc-479c-987b-acb5b051b014}</UniqueIdentifier>
    </Filter>
    <Filter Include="addons\ofxOpenCv\libs\opencv\include\opencv2\core">
      <UniqueIdentifier>{722d4d73-4991-4fb4-9d20-ff3797b66be3}</UniqueIdentifier>
    </Filter>
    <Filter Include="addons\ofxOpenCv\libs\opencv\include\opencv2\features2d">
      <UniqueIdentifier>{50678205-6766-4e7e-b4fa-2bb72bdf9a0a}</UniqueIdentifier>
    </Filter>
    <Filter Include="addons\ofxOpenCv\libs\opencv\include\opencv2\flann">
      <UniqueIdentifier>{b8c73a32-9242-4e7d-9c56-17480ec8e3e1}</UniqueIdentifier>
    </Filter>
    <Filter Include="addons\ofxOpenCv\libs\opencv\include\opencv2\gpu">
      <UniqueIdentifier>{18deaa2e-0ca0-4eb5-ace7-d67b4490547e}</UniqueIdentifier>
    </Filter>
    <Filter Include="addons\ofxOpenCv\libs\opencv\include\opencv2\gpu\device">
      <UniqueIdentifier>{9c31531b-37a0-4141-a8b1-aa6dc658b59e}</UniqueIdentifier>
    </Filter>
    <Filter Include="addons\ofxOpenCv\libs\opencv\include\opencv2\gpu\device\detail">
      <UniqueIdentifier>{cdd9744e-0e8a-4d68-b91b-978dd179318c}</UniqueIdentifier>
    </Filter>
    <Filter Include="addons\ofxOpenCv\libs\opencv\include\opencv2\highgui">
      <UniqueIdentifier>{bcd45d7a-d4b7-4dbb-ba73-23af60466f27}</UniqueIdentifier>
    </Filter>
    <Filter Include="addons\ofxOpenCv\libs\opencv\include\opencv2\imgproc">
      <UniqueIdentifier>{7e5598a9-ba35-4c4a-9ba2-1affa63b0f65}</UniqueIdentifier>
    </Filter>
    <Filter Include="addons\ofxOpenCv\libs\opencv\include\opencv2\legacy">
      <UniqueIdentifier>{0fada782-6a4a-4791-ab68-31d8bd4b36c7}</UniqueIdentifier>
    </Filter>
    <Filter Include="addons\ofxOpenCv\libs\opencv\include\opencv2\ml">
      <UniqueIdentifier>{402dd437-37d5-4857-9bb5-7cb255043233}</UniqueIdentifier>
    </Filter>
    <Filter Include="addons\ofxOpenCv\libs\opencv\include\opencv2\nonfree">
      <UniqueIdentifier>{2d9d35d1-c3a1-4a30-a3c0-2513ffce2cc7}</UniqueIdentifier>
    </Filter>
    <Filter Include="addons\ofxOpenCv\libs\opencv\include\opencv2\objdetect">
      <UniqueIdentifier>{0fa03027-60e0-4ccb-8626-031a3faac4ec}</UniqueIdentifier>
    </Filter>
    <Filter Include="addons\ofxOpenCv\libs\opencv\include\opencv2\photo">
      <UniqueIdentifier>{db28eeea-6912-4ac5-b833-b2b1ae6fc90e}</UniqueIdentifier>
    </Filter>
    <Filter Include="addons\ofxOpenCv\libs\opencv\include\opencv2\stitching">
      <UniqueIdentifier>{e34957b1-c302-4a05-8075-9389f366ccd9}</UniqueIdentifier>
    </Filter>
    <Filter Include="addons\ofxOpenCv\libs\opencv\include\opencv2\stitching\detail">
      <UniqueIdentifier>{1691ba3f-d99d-4d1c-988e-a1192bdfebfc}</UniqueIdentifier>
    </Filter>
    <Filter Include="addons\ofxOpenCv\libs\opencv\include\opencv2\superres">
      <UniqueIdentifier>{196e2db2-38db-4f76-9604-358eb076ec3d}</UniqueIdentifier>
    </Filter>
    <Filter Include="addons\ofxOpenCv\libs\opencv\include\opencv2\ts">
      <UniqueIdentifier>{479111de-4487-4632-b10a-ddb3f22d40be}</UniqueIdentifier>
    </Filter>
    <Filter Include="addons\ofxOpenCv\libs\opencv\include\opencv2\video">
      <UniqueIdentifier>{8b9c4521-04ca-406a-b281-eb43a3bfa41a}</UniqueIdentifier>
    </Filter>
    <Filter Include="addons\ofxOpenCv\libs\opencv\include\opencv2\videostab">
      <UniqueIdentifier>{f1c208e3-eb1b-499b-80bb-3484ce83dc6b}</UniqueIdentifier>
    </Filter>
  </ItemGroup>
  <ItemGroup>
    <ClInclude Include="src\ofApp.h">
      <Filter>src</Filter>
    </ClInclude>
    <ClInclude Include="..\..\..\..\addons\ofxGui\src\ofxBaseGui.h">
      <Filter>addons\ofxGui\src</Filter>
    </ClInclude>
    <ClInclude Include="..\..\..\..\addons\ofxGui\src\ofxButton.h">
      <Filter>addons\ofxGui\src</Filter>
    </ClInclude>
    <ClInclude Include="..\..\..\..\addons\ofxGui\src\ofxGui.h">
      <Filter>addons\ofxGui\src</Filter>
    </ClInclude>
    <ClInclude Include="..\..\..\..\addons\ofxGui\src\ofxGuiGroup.h">
      <Filter>addons\ofxGui\src</Filter>
    </ClInclude>
    <ClInclude Include="..\..\..\..\addons\ofxGui\src\ofxLabel.h">
      <Filter>addons\ofxGui\src</Filter>
    </ClInclude>
    <ClInclude Include="..\..\..\..\addons\ofxGui\src\ofxPanel.h">
      <Filter>addons\ofxGui\src</Filter>
    </ClInclude>
    <ClInclude Include="..\..\..\..\addons\ofxGui\src\ofxSlider.h">
      <Filter>addons\ofxGui\src</Filter>
    </ClInclude>
    <ClInclude Include="..\..\..\..\addons\ofxGui\src\ofxSliderGroup.h">
      <Filter>addons\ofxGui\src</Filter>
    </ClInclude>
    <ClInclude Include="..\..\..\..\addons\ofxGui\src\ofxToggle.h">
      <Filter>addons\ofxGui\src</Filter>
    </ClInclude>
    <ClInclude Include="..\..\..\..\addons\ofxOpenCv\src\ofxCvBlob.h">
      <Filter>addons\ofxOpenCv\src</Filter>
    </ClInclude>
    <ClInclude Include="..\..\..\..\addons\ofxOpenCv\src\ofxCvColorImage.h">
      <Filter>addons\ofxOpenCv\src</Filter>
    </ClInclude>
    <ClInclude Include="..\..\..\..\addons\ofxOpenCv\src\ofxCvConstants.h">
      <Filter>addons\ofxOpenCv\src</Filter>
    </ClInclude>
    <ClInclude Include="..\..\..\..\addons\ofxOpenCv\src\ofxCvContourFinder.h">
      <Filter>addons\ofxOpenCv\src</Filter>
    </ClInclude>
    <ClInclude Include="..\..\..\..\addons\ofxOpenCv\src\ofxCvFloatImage.h">
      <Filter>addons\ofxOpenCv\src</Filter>
    </ClInclude>
    <ClInclude Include="..\..\..\..\addons\ofxOpenCv\src\ofxCvGrayscaleImage.h">
      <Filter>addons\ofxOpenCv\src</Filter>
    </ClInclude>
    <ClInclude Include="..\..\..\..\addons\ofxOpenCv\src\ofxCvHaarFinder.h">
      <Filter>addons\ofxOpenCv\src</Filter>
    </ClInclude>
    <ClInclude Include="..\..\..\..\addons\ofxOpenCv\src\ofxCvImage.h">
      <Filter>addons\ofxOpenCv\src</Filter>
    </ClInclude>
    <ClInclude Include="..\..\..\..\addons\ofxOpenCv\src\ofxCvShortImage.h">
      <Filter>addons\ofxOpenCv\src</Filter>
    </ClInclude>
    <ClInclude Include="..\..\..\..\addons\ofxOpenCv\src\ofxOpenCv.h">
      <Filter>addons\ofxOpenCv\src</Filter>
    </ClInclude>
    <ClInclude Include="..\..\..\..\addons\ofxOpenCv\libs\opencv\include\opencv\cv.h">
      <Filter>addons\ofxOpenCv\libs\opencv\include\opencv</Filter>
    </ClInclude>
    <ClInclude Include="..\..\..\..\addons\ofxOpenCv\libs\opencv\include\opencv\cvaux.h">
      <Filter>addons\ofxOpenCv\libs\opencv\include\opencv</Filter>
    </ClInclude>
    <ClInclude Include="..\..\..\..\addons\ofxOpenCv\libs\opencv\include\opencv\cvwimage.h">
      <Filter>addons\ofxOpenCv\libs\opencv\include\opencv</Filter>
    </ClInclude>
    <ClInclude Include="..\..\..\..\addons\ofxOpenCv\libs\opencv\include\opencv\cxcore.h">
      <Filter>addons\ofxOpenCv\libs\opencv\include\opencv</Filter>
    </ClInclude>
    <ClInclude Include="..\..\..\..\addons\ofxOpenCv\libs\opencv\include\opencv\cxmisc.h">
      <Filter>addons\ofxOpenCv\libs\opencv\include\opencv</Filter>
    </ClInclude>
    <ClInclude Include="..\..\..\..\addons\ofxOpenCv\libs\opencv\include\opencv\highgui.h">
      <Filter>addons\ofxOpenCv\libs\opencv\include\opencv</Filter>
    </ClInclude>
    <ClInclude Include="..\..\..\..\addons\ofxOpenCv\libs\opencv\include\opencv\ml.h">
      <Filter>addons\ofxOpenCv\libs\opencv\include\opencv</Filter>
    </ClInclude>
    <ClInclude Include="..\..\..\..\addons\ofxOpenCv\libs\opencv\include\opencv\cv.hpp">
      <Filter>addons\ofxOpenCv\libs\opencv\include\opencv</Filter>
    </ClInclude>
    <ClInclude Include="..\..\..\..\addons\ofxOpenCv\libs\opencv\include\opencv\cvaux.hpp">
      <Filter>addons\ofxOpenCv\libs\opencv\include\opencv</Filter>
    </ClInclude>
    <ClInclude Include="..\..\..\..\addons\ofxOpenCv\libs\opencv\include\opencv\cxcore.hpp">
      <Filter>addons\ofxOpenCv\libs\opencv\include\opencv</Filter>
    </ClInclude>
    <ClInclude Include="..\..\..\..\addons\ofxOpenCv\libs\opencv\include\opencv\cxeigen.hpp">
      <Filter>addons\ofxOpenCv\libs\opencv\include\opencv</Filter>
    </ClInclude>
    <ClInclude Include="..\..\..\..\addons\ofxOpenCv\libs\opencv\include\opencv2\opencv.hpp">
      <Filter>addons\ofxOpenCv\libs\opencv\include\opencv2</Filter>
    </ClInclude>
    <ClInclude Include="..\..\..\..\addons\ofxOpenCv\libs\opencv\include\opencv2\opencv_modules.hpp">
      <Filter>addons\ofxOpenCv\libs\opencv\include\opencv2</Filter>
    </ClInclude>
    <ClInclude Include="..\..\..\..\addons\ofxOpenCv\libs\opencv\include\opencv2\calib3d\calib3d.hpp">
      <Filter>addons\ofxOpenCv\libs\opencv\include\opencv2\calib3d</Filter>
    </ClInclude>
    <ClInclude Include="..\..\..\..\addons\ofxOpenCv\libs\opencv\include\opencv2\contrib\contrib.hpp">
      <Filter>addons\ofxOpenCv\libs\opencv\include\opencv2\contrib</Filter>
    </ClInclude>
    <ClInclude Include="..\..\..\..\addons\ofxOpenCv\libs\opencv\include\opencv2\contrib\detection_based_tracker.hpp">
      <Filter>addons\ofxOpenCv\libs\opencv\include\opencv2\contrib</Filter>
    </ClInclude>
    <ClInclude Include="..\..\..\..\addons\ofxOpenCv\libs\opencv\include\opencv2\contrib\hybridtracker.hpp">
      <Filter>addons\ofxOpenCv\libs\opencv\include\opencv2\contrib</Filter>
    </ClInclude>
    <ClInclude Include="..\..\..\..\addons\ofxOpenCv\libs\opencv\include\opencv2\contrib\openfabmap.hpp">
      <Filter>addons\ofxOpenCv\libs\opencv\include\opencv2\contrib</Filter>
    </ClInclude>
    <ClInclude Include="..\..\..\..\addons\ofxOpenCv\libs\opencv\include\opencv2\contrib\retina.hpp">
      <Filter>addons\ofxOpenCv\libs\opencv\include\opencv2\contrib</Filter>
    </ClInclude>
    <ClInclude Include="..\..\..\..\addons\ofxOpenCv\libs\opencv\include\opencv2\core\core_c.h">
      <Filter>addons\ofxOpenCv\libs\opencv\include\opencv2\core</Filter>
    </ClInclude>
    <ClInclude Include="..\..\..\..\addons\ofxOpenCv\libs\opencv\include\opencv2\core\types_c.h">
      <Filter>addons\ofxOpenCv\libs\opencv\include\opencv2\core</Filter>
    </ClInclude>
    <ClInclude Include="..\..\..\..\addons\ofxOpenCv\libs\opencv\include\opencv2\core\affine.hpp">
      <Filter>addons\ofxOpenCv\libs\opencv\include\opencv2\core</Filter>
    </ClInclude>
    <ClInclude Include="..\..\..\..\addons\ofxOpenCv\libs\opencv\include\opencv2\core\core.hpp">
      <Filter>addons\ofxOpenCv\libs\opencv\include\opencv2\core</Filter>
    </ClInclude>
    <ClInclude Include="..\..\..\..\addons\ofxOpenCv\libs\opencv\include\opencv2\core\cuda_devptrs.hpp">
      <Filter>addons\ofxOpenCv\libs\opencv\include\opencv2\core</Filter>
    </ClInclude>
    <ClInclude Include="..\..\..\..\addons\ofxOpenCv\libs\opencv\include\opencv2\core\devmem2d.hpp">
      <Filter>addons\ofxOpenCv\libs\opencv\include\opencv2\core</Filter>
    </ClInclude>
    <ClInclude Include="..\..\..\..\addons\ofxOpenCv\libs\opencv\include\opencv2\core\eigen.hpp">
      <Filter>addons\ofxOpenCv\libs\opencv\include\opencv2\core</Filter>
    </ClInclude>
    <ClInclude Include="..\..\..\..\addons\ofxOpenCv\libs\opencv\include\opencv2\core\gpumat.hpp">
      <Filter>addons\ofxOpenCv\libs\opencv\include\opencv2\core</Filter>
    </ClInclude>
    <ClInclude Include="..\..\..\..\addons\ofxOpenCv\libs\opencv\include\opencv2\core\internal.hpp">
      <Filter>addons\ofxOpenCv\libs\opencv\include\opencv2\core</Filter>
    </ClInclude>
    <ClInclude Include="..\..\..\..\addons\ofxOpenCv\libs\opencv\include\opencv2\core\mat.hpp">
      <Filter>addons\ofxOpenCv\libs\opencv\include\opencv2\core</Filter>
    </ClInclude>
    <ClInclude Include="..\..\..\..\addons\ofxOpenCv\libs\opencv\include\opencv2\core\opengl_interop.hpp">
      <Filter>addons\ofxOpenCv\libs\opencv\include\opencv2\core</Filter>
    </ClInclude>
    <ClInclude Include="..\..\..\..\addons\ofxOpenCv\libs\opencv\include\opencv2\core\opengl_interop_deprecated.hpp">
      <Filter>addons\ofxOpenCv\libs\opencv\include\opencv2\core</Filter>
    </ClInclude>
    <ClInclude Include="..\..\..\..\addons\ofxOpenCv\libs\opencv\include\opencv2\core\operations.hpp">
      <Filter>addons\ofxOpenCv\libs\opencv\include\opencv2\core</Filter>
    </ClInclude>
    <ClInclude Include="..\..\..\..\addons\ofxOpenCv\libs\opencv\include\opencv2\core\version.hpp">
      <Filter>addons\ofxOpenCv\libs\opencv\include\opencv2\core</Filter>
    </ClInclude>
    <ClInclude Include="..\..\..\..\addons\ofxOpenCv\libs\opencv\include\opencv2\core\wimage.hpp">
      <Filter>addons\ofxOpenCv\libs\opencv\include\opencv2\core</Filter>
    </ClInclude>
    <ClInclude Include="..\..\..\..\addons\ofxOpenCv\libs\opencv\include\opencv2\features2d\features2d.hpp">
      <Filter>addons\ofxOpenCv\libs\opencv\include\opencv2\features2d</Filter>
    </ClInclude>
    <ClInclude Include="..\..\..\..\addons\ofxOpenCv\libs\opencv\include\opencv2\flann\allocator.h">
      <Filter>addons\ofxOpenCv\libs\opencv\include\opencv2\flann</Filter>
    </ClInclude>
    <ClInclude Include="..\..\..\..\addons\ofxOpenCv\libs\opencv\include\opencv2\flann\all_indices.h">
      <Filter>addons\ofxOpenCv\libs\opencv\include\opencv2\flann</Filter>
    </ClInclude>
    <ClInclude Include="..\..\..\..\addons\ofxOpenCv\libs\opencv\include\opencv2\flann\any.h">
      <Filter>addons\ofxOpenCv\libs\opencv\include\opencv2\flann</Filter>
    </ClInclude>
    <ClInclude Include="..\..\..\..\addons\ofxOpenCv\libs\opencv\include\opencv2\flann\autotuned_index.h">
      <Filter>addons\ofxOpenCv\libs\opencv\include\opencv2\flann</Filter>
    </ClInclude>
    <ClInclude Include="..\..\..\..\addons\ofxOpenCv\libs\opencv\include\opencv2\flann\composite_index.h">
      <Filter>addons\ofxOpenCv\libs\opencv\include\opencv2\flann</Filter>
    </ClInclude>
    <ClInclude Include="..\..\..\..\addons\ofxOpenCv\libs\opencv\include\opencv2\flann\config.h">
      <Filter>addons\ofxOpenCv\libs\opencv\include\opencv2\flann</Filter>
    </ClInclude>
    <ClInclude Include="..\..\..\..\addons\ofxOpenCv\libs\opencv\include\opencv2\flann\defines.h">
      <Filter>addons\ofxOpenCv\libs\opencv\include\opencv2\flann</Filter>
    </ClInclude>
    <ClInclude Include="..\..\..\..\addons\ofxOpenCv\libs\opencv\include\opencv2\flann\dist.h">
      <Filter>addons\ofxOpenCv\libs\opencv\include\opencv2\flann</Filter>
    </ClInclude>
    <ClInclude Include="..\..\..\..\addons\ofxOpenCv\libs\opencv\include\opencv2\flann\dummy.h">
      <Filter>addons\ofxOpenCv\libs\opencv\include\opencv2\flann</Filter>
    </ClInclude>
    <ClInclude Include="..\..\..\..\addons\ofxOpenCv\libs\opencv\include\opencv2\flann\dynamic_bitset.h">
      <Filter>addons\ofxOpenCv\libs\opencv\include\opencv2\flann</Filter>
    </ClInclude>
    <ClInclude Include="..\..\..\..\addons\ofxOpenCv\libs\opencv\include\opencv2\flann\general.h">
      <Filter>addons\ofxOpenCv\libs\opencv\include\opencv2\flann</Filter>
    </ClInclude>
    <ClInclude Include="..\..\..\..\addons\ofxOpenCv\libs\opencv\include\opencv2\flann\ground_truth.h">
      <Filter>addons\ofxOpenCv\libs\opencv\include\opencv2\flann</Filter>
    </ClInclude>
    <ClInclude Include="..\..\..\..\addons\ofxOpenCv\libs\opencv\include\opencv2\flann\hdf5.h">
      <Filter>addons\ofxOpenCv\libs\opencv\include\opencv2\flann</Filter>
    </ClInclude>
    <ClInclude Include="..\..\..\..\addons\ofxOpenCv\libs\opencv\include\opencv2\flann\heap.h">
      <Filter>addons\ofxOpenCv\libs\opencv\include\opencv2\flann</Filter>
    </ClInclude>
    <ClInclude Include="..\..\..\..\addons\ofxOpenCv\libs\opencv\include\opencv2\flann\hierarchical_clustering_index.h">
      <Filter>addons\ofxOpenCv\libs\opencv\include\opencv2\flann</Filter>
    </ClInclude>
    <ClInclude Include="..\..\..\..\addons\ofxOpenCv\libs\opencv\include\opencv2\flann\index_testing.h">
      <Filter>addons\ofxOpenCv\libs\opencv\include\opencv2\flann</Filter>
    </ClInclude>
    <ClInclude Include="..\..\..\..\addons\ofxOpenCv\libs\opencv\include\opencv2\flann\kdtree_index.h">
      <Filter>addons\ofxOpenCv\libs\opencv\include\opencv2\flann</Filter>
    </ClInclude>
    <ClInclude Include="..\..\..\..\addons\ofxOpenCv\libs\opencv\include\opencv2\flann\kdtree_single_index.h">
      <Filter>addons\ofxOpenCv\libs\opencv\include\opencv2\flann</Filter>
    </ClInclude>
    <ClInclude Include="..\..\..\..\addons\ofxOpenCv\libs\opencv\include\opencv2\flann\kmeans_index.h">
      <Filter>addons\ofxOpenCv\libs\opencv\include\opencv2\flann</Filter>
    </ClInclude>
    <ClInclude Include="..\..\..\..\addons\ofxOpenCv\libs\opencv\include\opencv2\flann\linear_index.h">
      <Filter>addons\ofxOpenCv\libs\opencv\include\opencv2\flann</Filter>
    </ClInclude>
    <ClInclude Include="..\..\..\..\addons\ofxOpenCv\libs\opencv\include\opencv2\flann\logger.h">
      <Filter>addons\ofxOpenCv\libs\opencv\include\opencv2\flann</Filter>
    </ClInclude>
    <ClInclude Include="..\..\..\..\addons\ofxOpenCv\libs\opencv\include\opencv2\flann\lsh_index.h">
      <Filter>addons\ofxOpenCv\libs\opencv\include\opencv2\flann</Filter>
    </ClInclude>
    <ClInclude Include="..\..\..\..\addons\ofxOpenCv\libs\opencv\include\opencv2\flann\lsh_table.h">
      <Filter>addons\ofxOpenCv\libs\opencv\include\opencv2\flann</Filter>
    </ClInclude>
    <ClInclude Include="..\..\..\..\addons\ofxOpenCv\libs\opencv\include\opencv2\flann\matrix.h">
      <Filter>addons\ofxOpenCv\libs\opencv\include\opencv2\flann</Filter>
    </ClInclude>
    <ClInclude Include="..\..\..\..\addons\ofxOpenCv\libs\opencv\include\opencv2\flann\nn_index.h">
      <Filter>addons\ofxOpenCv\libs\opencv\include\opencv2\flann</Filter>
    </ClInclude>
    <ClInclude Include="..\..\..\..\addons\ofxOpenCv\libs\opencv\include\opencv2\flann\object_factory.h">
      <Filter>addons\ofxOpenCv\libs\opencv\include\opencv2\flann</Filter>
    </ClInclude>
    <ClInclude Include="..\..\..\..\addons\ofxOpenCv\libs\opencv\include\opencv2\flann\params.h">
      <Filter>addons\ofxOpenCv\libs\opencv\include\opencv2\flann</Filter>
    </ClInclude>
    <ClInclude Include="..\..\..\..\addons\ofxOpenCv\libs\opencv\include\opencv2\flann\random.h">
      <Filter>addons\ofxOpenCv\libs\opencv\include\opencv2\flann</Filter>
    </ClInclude>
    <ClInclude Include="..\..\..\..\addons\ofxOpenCv\libs\opencv\include\opencv2\flann\result_set.h">
      <Filter>addons\ofxOpenCv\libs\opencv\include\opencv2\flann</Filter>
    </ClInclude>
    <ClInclude Include="..\..\..\..\addons\ofxOpenCv\libs\opencv\include\opencv2\flann\sampling.h">
      <Filter>addons\ofxOpenCv\libs\opencv\include\opencv2\flann</Filter>
    </ClInclude>
    <ClInclude Include="..\..\..\..\addons\ofxOpenCv\libs\opencv\include\opencv2\flann\saving.h">
      <Filter>addons\ofxOpenCv\libs\opencv\include\opencv2\flann</Filter>
    </ClInclude>
    <ClInclude Include="..\..\..\..\addons\ofxOpenCv\libs\opencv\include\opencv2\flann\simplex_downhill.h">
      <Filter>addons\ofxOpenCv\libs\opencv\include\opencv2\flann</Filter>
    </ClInclude>
    <ClInclude Include="..\..\..\..\addons\ofxOpenCv\libs\opencv\include\opencv2\flann\timer.h">
      <Filter>addons\ofxOpenCv\libs\opencv\include\opencv2\flann</Filter>
    </ClInclude>
    <ClInclude Include="..\..\..\..\addons\ofxOpenCv\libs\opencv\include\opencv2\flann\flann.hpp">
      <Filter>addons\ofxOpenCv\libs\opencv\include\opencv2\flann</Filter>
    </ClInclude>
    <ClInclude Include="..\..\..\..\addons\ofxOpenCv\libs\opencv\include\opencv2\flann\flann_base.hpp">
      <Filter>addons\ofxOpenCv\libs\opencv\include\opencv2\flann</Filter>
    </ClInclude>
    <ClInclude Include="..\..\..\..\addons\ofxOpenCv\libs\opencv\include\opencv2\flann\miniflann.hpp">
      <Filter>addons\ofxOpenCv\libs\opencv\include\opencv2\flann</Filter>
    </ClInclude>
    <ClInclude Include="..\..\..\..\addons\ofxOpenCv\libs\opencv\include\opencv2\gpu\devmem2d.hpp">
      <Filter>addons\ofxOpenCv\libs\opencv\include\opencv2\gpu</Filter>
    </ClInclude>
    <ClInclude Include="..\..\..\..\addons\ofxOpenCv\libs\opencv\include\opencv2\gpu\gpu.hpp">
      <Filter>addons\ofxOpenCv\libs\opencv\include\opencv2\gpu</Filter>
    </ClInclude>
    <ClInclude Include="..\..\..\..\addons\ofxOpenCv\libs\opencv\include\opencv2\gpu\gpumat.hpp">
      <Filter>addons\ofxOpenCv\libs\opencv\include\opencv2\gpu</Filter>
    </ClInclude>
    <ClInclude Include="..\..\..\..\addons\ofxOpenCv\libs\opencv\include\opencv2\gpu\stream_accessor.hpp">
      <Filter>addons\ofxOpenCv\libs\opencv\include\opencv2\gpu</Filter>
    </ClInclude>
    <ClInclude Include="..\..\..\..\addons\ofxOpenCv\libs\opencv\include\opencv2\gpu\device\block.hpp">
      <Filter>addons\ofxOpenCv\libs\opencv\include\opencv2\gpu\device</Filter>
    </ClInclude>
    <ClInclude Include="..\..\..\..\addons\ofxOpenCv\libs\opencv\include\opencv2\gpu\device\border_interpolate.hpp">
      <Filter>addons\ofxOpenCv\libs\opencv\include\opencv2\gpu\device</Filter>
    </ClInclude>
    <ClInclude Include="..\..\..\..\addons\ofxOpenCv\libs\opencv\include\opencv2\gpu\device\color.hpp">
      <Filter>addons\ofxOpenCv\libs\opencv\include\opencv2\gpu\device</Filter>
    </ClInclude>
    <ClInclude Include="..\..\..\..\addons\ofxOpenCv\libs\opencv\include\opencv2\gpu\device\common.hpp">
      <Filter>addons\ofxOpenCv\libs\opencv\include\opencv2\gpu\device</Filter>
    </ClInclude>
    <ClInclude Include="..\..\..\..\addons\ofxOpenCv\libs\opencv\include\opencv2\gpu\device\datamov_utils.hpp">
      <Filter>addons\ofxOpenCv\libs\opencv\include\opencv2\gpu\device</Filter>
    </ClInclude>
    <ClInclude Include="..\..\..\..\addons\ofxOpenCv\libs\opencv\include\opencv2\gpu\device\dynamic_smem.hpp">
      <Filter>addons\ofxOpenCv\libs\opencv\include\opencv2\gpu\device</Filter>
    </ClInclude>
    <ClInclude Include="..\..\..\..\addons\ofxOpenCv\libs\opencv\include\opencv2\gpu\device\emulation.hpp">
      <Filter>addons\ofxOpenCv\libs\opencv\include\opencv2\gpu\device</Filter>
    </ClInclude>
    <ClInclude Include="..\..\..\..\addons\ofxOpenCv\libs\opencv\include\opencv2\gpu\device\filters.hpp">
      <Filter>addons\ofxOpenCv\libs\opencv\include\opencv2\gpu\device</Filter>
    </ClInclude>
    <ClInclude Include="..\..\..\..\addons\ofxOpenCv\libs\opencv\include\opencv2\gpu\device\funcattrib.hpp">
      <Filter>addons\ofxOpenCv\libs\opencv\include\opencv2\gpu\device</Filter>
    </ClInclude>
    <ClInclude Include="..\..\..\..\addons\ofxOpenCv\libs\opencv\include\opencv2\gpu\device\functional.hpp">
      <Filter>addons\ofxOpenCv\libs\opencv\include\opencv2\gpu\device</Filter>
    </ClInclude>
    <ClInclude Include="..\..\..\..\addons\ofxOpenCv\libs\opencv\include\opencv2\gpu\device\limits.hpp">
      <Filter>addons\ofxOpenCv\libs\opencv\include\opencv2\gpu\device</Filter>
    </ClInclude>
    <ClInclude Include="..\..\..\..\addons\ofxOpenCv\libs\opencv\include\opencv2\gpu\device\reduce.hpp">
      <Filter>addons\ofxOpenCv\libs\opencv\include\opencv2\gpu\device</Filter>
    </ClInclude>
    <ClInclude Include="..\..\..\..\addons\ofxOpenCv\libs\opencv\include\opencv2\gpu\device\saturate_cast.hpp">
      <Filter>addons\ofxOpenCv\libs\opencv\include\opencv2\gpu\device</Filter>
    </ClInclude>
    <ClInclude Include="..\..\..\..\addons\ofxOpenCv\libs\opencv\include\opencv2\gpu\device\scan.hpp">
      <Filter>addons\ofxOpenCv\libs\opencv\include\opencv2\gpu\device</Filter>
    </ClInclude>
    <ClInclude Include="..\..\..\..\addons\ofxOpenCv\libs\opencv\include\opencv2\gpu\device\simd_functions.hpp">
      <Filter>addons\ofxOpenCv\libs\opencv\include\opencv2\gpu\device</Filter>
    </ClInclude>
    <ClInclude Include="..\..\..\..\addons\ofxOpenCv\libs\opencv\include\opencv2\gpu\device\static_check.hpp">
      <Filter>addons\ofxOpenCv\libs\opencv\include\opencv2\gpu\device</Filter>
    </ClInclude>
    <ClInclude Include="..\..\..\..\addons\ofxOpenCv\libs\opencv\include\opencv2\gpu\device\transform.hpp">
      <Filter>addons\ofxOpenCv\libs\opencv\include\opencv2\gpu\device</Filter>
    </ClInclude>
    <ClInclude Include="..\..\..\..\addons\ofxOpenCv\libs\opencv\include\opencv2\gpu\device\type_traits.hpp">
      <Filter>addons\ofxOpenCv\libs\opencv\include\opencv2\gpu\device</Filter>
    </ClInclude>
    <ClInclude Include="..\..\..\..\addons\ofxOpenCv\libs\opencv\include\opencv2\gpu\device\utility.hpp">
      <Filter>addons\ofxOpenCv\libs\opencv\include\opencv2\gpu\device</Filter>
    </ClInclude>
    <ClInclude Include="..\..\..\..\addons\ofxOpenCv\libs\opencv\include\opencv2\gpu\device\vec_distance.hpp">
      <Filter>addons\ofxOpenCv\libs\opencv\include\opencv2\gpu\device</Filter>
    </ClInclude>
    <ClInclude Include="..\..\..\..\addons\ofxOpenCv\libs\opencv\include\opencv2\gpu\device\vec_math.hpp">
      <Filter>addons\ofxOpenCv\libs\opencv\include\opencv2\gpu\device</Filter>
    </ClInclude>
    <ClInclude Include="..\..\..\..\addons\ofxOpenCv\libs\opencv\include\opencv2\gpu\device\vec_traits.hpp">
      <Filter>addons\ofxOpenCv\libs\opencv\include\opencv2\gpu\device</Filter>
    </ClInclude>
    <ClInclude Include="..\..\..\..\addons\ofxOpenCv\libs\opencv\include\opencv2\gpu\device\warp.hpp">
      <Filter>addons\ofxOpenCv\libs\opencv\include\opencv2\gpu\device</Filter>
    </ClInclude>
    <ClInclude Include="..\..\..\..\addons\ofxOpenCv\libs\opencv\include\opencv2\gpu\device\warp_reduce.hpp">
      <Filter>addons\ofxOpenCv\libs\opencv\include\opencv2\gpu\device</Filter>
    </ClInclude>
    <ClInclude Include="..\..\..\..\addons\ofxOpenCv\libs\opencv\include\opencv2\gpu\device\warp_shuffle.hpp">
      <Filter>addons\ofxOpenCv\libs\opencv\include\opencv2\gpu\device</Filter>
    </ClInclude>
    <ClInclude Include="..\..\..\..\addons\ofxOpenCv\libs\opencv\include\opencv2\gpu\device\detail\color_detail.hpp">
      <Filter>addons\ofxOpenCv\libs\opencv\include\opencv2\gpu\device\detail</Filter>
    </ClInclude>
    <ClInclude Include="..\..\..\..\addons\ofxOpenCv\libs\opencv\include\opencv2\gpu\device\detail\reduce.hpp">
      <Filter>addons\ofxOpenCv\libs\opencv\include\opencv2\gpu\device\detail</Filter>
    </ClInclude>
    <ClInclude Include="..\..\..\..\addons\ofxOpenCv\libs\opencv\include\opencv2\gpu\device\detail\reduce_key_val.hpp">
      <Filter>addons\ofxOpenCv\libs\opencv\include\opencv2\gpu\device\detail</Filter>
    </ClInclude>
    <ClInclude Include="..\..\..\..\addons\ofxOpenCv\libs\opencv\include\opencv2\gpu\device\detail\transform_detail.hpp">
      <Filter>addons\ofxOpenCv\libs\opencv\include\opencv2\gpu\device\detail</Filter>
    </ClInclude>
    <ClInclude Include="..\..\..\..\addons\ofxOpenCv\libs\opencv\include\opencv2\gpu\device\detail\type_traits_detail.hpp">
      <Filter>addons\ofxOpenCv\libs\opencv\include\opencv2\gpu\device\detail</Filter>
    </ClInclude>
    <ClInclude Include="..\..\..\..\addons\ofxOpenCv\libs\opencv\include\opencv2\gpu\device\detail\vec_distance_detail.hpp">
      <Filter>addons\ofxOpenCv\libs\opencv\include\opencv2\gpu\device\detail</Filter>
    </ClInclude>
    <ClInclude Include="..\..\..\..\addons\ofxOpenCv\libs\opencv\include\opencv2\highgui\cap_ios.h">
      <Filter>addons\ofxOpenCv\libs\opencv\include\opencv2\highgui</Filter>
    </ClInclude>
    <ClInclude Include="..\..\..\..\addons\ofxOpenCv\libs\opencv\include\opencv2\highgui\highgui_c.h">
      <Filter>addons\ofxOpenCv\libs\opencv\include\opencv2\highgui</Filter>
    </ClInclude>
    <ClInclude Include="..\..\..\..\addons\ofxOpenCv\libs\opencv\include\opencv2\highgui\ios.h">
      <Filter>addons\ofxOpenCv\libs\opencv\include\opencv2\highgui</Filter>
    </ClInclude>
    <ClInclude Include="..\..\..\..\addons\ofxOpenCv\libs\opencv\include\opencv2\highgui\highgui.hpp">
      <Filter>addons\ofxOpenCv\libs\opencv\include\opencv2\highgui</Filter>
    </ClInclude>
    <ClInclude Include="..\..\..\..\addons\ofxOpenCv\libs\opencv\include\opencv2\imgproc\imgproc_c.h">
      <Filter>addons\ofxOpenCv\libs\opencv\include\opencv2\imgproc</Filter>
    </ClInclude>
    <ClInclude Include="..\..\..\..\addons\ofxOpenCv\libs\opencv\include\opencv2\imgproc\types_c.h">
      <Filter>addons\ofxOpenCv\libs\opencv\include\opencv2\imgproc</Filter>
    </ClInclude>
    <ClInclude Include="..\..\..\..\addons\ofxOpenCv\libs\opencv\include\opencv2\imgproc\imgproc.hpp">
      <Filter>addons\ofxOpenCv\libs\opencv\include\opencv2\imgproc</Filter>
    </ClInclude>
    <ClInclude Include="..\..\..\..\addons\ofxOpenCv\libs\opencv\include\opencv2\legacy\blobtrack.hpp">
      <Filter>addons\ofxOpenCv\libs\opencv\include\opencv2\legacy</Filter>
    </ClInclude>
    <ClInclude Include="..\..\..\..\addons\ofxOpenCv\libs\opencv\include\opencv2\legacy\compat.hpp">
      <Filter>addons\ofxOpenCv\libs\opencv\include\opencv2\legacy</Filter>
    </ClInclude>
    <ClInclude Include="..\..\..\..\addons\ofxOpenCv\libs\opencv\include\opencv2\legacy\legacy.hpp">
      <Filter>addons\ofxOpenCv\libs\opencv\include\opencv2\legacy</Filter>
    </ClInclude>
    <ClInclude Include="..\..\..\..\addons\ofxOpenCv\libs\opencv\include\opencv2\legacy\streams.hpp">
      <Filter>addons\ofxOpenCv\libs\opencv\include\opencv2\legacy</Filter>
    </ClInclude>
    <ClInclude Include="..\..\..\..\addons\ofxOpenCv\libs\opencv\include\opencv2\ml\ml.hpp">
      <Filter>addons\ofxOpenCv\libs\opencv\include\opencv2\ml</Filter>
    </ClInclude>
    <ClInclude Include="..\..\..\..\addons\ofxOpenCv\libs\opencv\include\opencv2\nonfree\features2d.hpp">
      <Filter>addons\ofxOpenCv\libs\opencv\include\opencv2\nonfree</Filter>
    </ClInclude>
    <ClInclude Include="..\..\..\..\addons\ofxOpenCv\libs\opencv\include\opencv2\nonfree\gpu.hpp">
      <Filter>addons\ofxOpenCv\libs\opencv\include\opencv2\nonfree</Filter>
    </ClInclude>
    <ClInclude Include="..\..\..\..\addons\ofxOpenCv\libs\opencv\include\opencv2\nonfree\nonfree.hpp">
      <Filter>addons\ofxOpenCv\libs\opencv\include\opencv2\nonfree</Filter>
    </ClInclude>
    <ClInclude Include="..\..\..\..\addons\ofxOpenCv\libs\opencv\include\opencv2\nonfree\ocl.hpp">
      <Filter>addons\ofxOpenCv\libs\opencv\include\opencv2\nonfree</Filter>
    </ClInclude>
    <ClInclude Include="..\..\..\..\addons\ofxOpenCv\libs\opencv\include\opencv2\objdetect\objdetect.hpp">
      <Filter>addons\ofxOpenCv\libs\opencv\include\opencv2\objdetect</Filter>
    </ClInclude>
    <ClInclude Include="..\..\..\..\addons\ofxOpenCv\libs\opencv\include\opencv2\photo\photo_c.h">
      <Filter>addons\ofxOpenCv\libs\opencv\include\opencv2\photo</Filter>
    </ClInclude>
    <ClInclude Include="..\..\..\..\addons\ofxOpenCv\libs\opencv\include\opencv2\photo\photo.hpp">
      <Filter>addons\ofxOpenCv\libs\opencv\include\opencv2\photo</Filter>
    </ClInclude>
    <ClInclude Include="..\..\..\..\addons\ofxOpenCv\libs\opencv\include\opencv2\stitching\stitcher.hpp">
      <Filter>addons\ofxOpenCv\libs\opencv\include\opencv2\stitching</Filter>
    </ClInclude>
    <ClInclude Include="..\..\..\..\addons\ofxOpenCv\libs\opencv\include\opencv2\stitching\warpers.hpp">
      <Filter>addons\ofxOpenCv\libs\opencv\include\opencv2\stitching</Filter>
    </ClInclude>
    <ClInclude Include="..\..\..\..\addons\ofxOpenCv\libs\opencv\include\opencv2\stitching\detail\autocalib.hpp">
      <Filter>addons\ofxOpenCv\libs\opencv\include\opencv2\stitching\detail</Filter>
    </ClInclude>
    <ClInclude Include="..\..\..\..\addons\ofxOpenCv\libs\opencv\include\opencv2\stitching\detail\blenders.hpp">
      <Filter>addons\ofxOpenCv\libs\opencv\include\opencv2\stitching\detail</Filter>
    </ClInclude>
    <ClInclude Include="..\..\..\..\addons\ofxOpenCv\libs\opencv\include\opencv2\stitching\detail\camera.hpp">
      <Filter>addons\ofxOpenCv\libs\opencv\include\opencv2\stitching\detail</Filter>
    </ClInclude>
    <ClInclude Include="..\..\..\..\addons\ofxOpenCv\libs\opencv\include\opencv2\stitching\detail\exposure_compensate.hpp">
      <Filter>addons\ofxOpenCv\libs\opencv\include\opencv2\stitching\detail</Filter>
    </ClInclude>
    <ClInclude Include="..\..\..\..\addons\ofxOpenCv\libs\opencv\include\opencv2\stitching\detail\matchers.hpp">
      <Filter>addons\ofxOpenCv\libs\opencv\include\opencv2\stitching\detail</Filter>
    </ClInclude>
    <ClInclude Include="..\..\..\..\addons\ofxOpenCv\libs\opencv\include\opencv2\stitching\detail\motion_estimators.hpp">
      <Filter>addons\ofxOpenCv\libs\opencv\include\opencv2\stitching\detail</Filter>
    </ClInclude>
    <ClInclude Include="..\..\..\..\addons\ofxOpenCv\libs\opencv\include\opencv2\stitching\detail\seam_finders.hpp">
      <Filter>addons\ofxOpenCv\libs\opencv\include\opencv2\stitching\detail</Filter>
    </ClInclude>
    <ClInclude Include="..\..\..\..\addons\ofxOpenCv\libs\opencv\include\opencv2\stitching\detail\util.hpp">
      <Filter>addons\ofxOpenCv\libs\opencv\include\opencv2\stitching\detail</Filter>
    </ClInclude>
    <ClInclude Include="..\..\..\..\addons\ofxOpenCv\libs\opencv\include\opencv2\stitching\detail\util_inl.hpp">
      <Filter>addons\ofxOpenCv\libs\opencv\include\opencv2\stitching\detail</Filter>
    </ClInclude>
    <ClInclude Include="..\..\..\..\addons\ofxOpenCv\libs\opencv\include\opencv2\stitching\detail\warpers.hpp">
      <Filter>addons\ofxOpenCv\libs\opencv\include\opencv2\stitching\detail</Filter>
    </ClInclude>
    <ClInclude Include="..\..\..\..\addons\ofxOpenCv\libs\opencv\include\opencv2\stitching\detail\warpers_inl.hpp">
      <Filter>addons\ofxOpenCv\libs\opencv\include\opencv2\stitching\detail</Filter>
    </ClInclude>
    <ClInclude Include="..\..\..\..\addons\ofxOpenCv\libs\opencv\include\opencv2\superres\optical_flow.hpp">
      <Filter>addons\ofxOpenCv\libs\opencv\include\opencv2\superres</Filter>
    </ClInclude>
    <ClInclude Include="..\..\..\..\addons\ofxOpenCv\libs\opencv\include\opencv2\superres\superres.hpp">
      <Filter>addons\ofxOpenCv\libs\opencv\include\opencv2\superres</Filter>
    </ClInclude>
    <ClInclude Include="..\..\..\..\addons\ofxOpenCv\libs\opencv\include\opencv2\ts\ts_gtest.h">
      <Filter>addons\ofxOpenCv\libs\opencv\include\opencv2\ts</Filter>
    </ClInclude>
    <ClInclude Include="..\..\..\..\addons\ofxOpenCv\libs\opencv\include\opencv2\ts\gpu_perf.hpp">
      <Filter>addons\ofxOpenCv\libs\opencv\include\opencv2\ts</Filter>
    </ClInclude>
    <ClInclude Include="..\..\..\..\addons\ofxOpenCv\libs\opencv\include\opencv2\ts\gpu_test.hpp">
      <Filter>addons\ofxOpenCv\libs\opencv\include\opencv2\ts</Filter>
    </ClInclude>
    <ClInclude Include="..\..\..\..\addons\ofxOpenCv\libs\opencv\include\opencv2\ts\ts.hpp">
      <Filter>addons\ofxOpenCv\libs\opencv\include\opencv2\ts</Filter>
    </ClInclude>
    <ClInclude Include="..\..\..\..\addons\ofxOpenCv\libs\opencv\include\opencv2\ts\ts_perf.hpp">
      <Filter>addons\ofxOpenCv\libs\opencv\include\opencv2\ts</Filter>
    </ClInclude>
    <ClInclude Include="..\..\..\..\addons\ofxOpenCv\libs\opencv\include\opencv2\video\background_segm.hpp">
      <Filter>addons\ofxOpenCv\libs\opencv\include\opencv2\video</Filter>
    </ClInclude>
    <ClInclude Include="..\..\..\..\addons\ofxOpenCv\libs\opencv\include\opencv2\video\tracking.hpp">
      <Filter>addons\ofxOpenCv\libs\opencv\include\opencv2\video</Filter>
    </ClInclude>
    <ClInclude Include="..\..\..\..\addons\ofxOpenCv\libs\opencv\include\opencv2\video\video.hpp">
      <Filter>addons\ofxOpenCv\libs\opencv\include\opencv2\video</Filter>
    </ClInclude>
    <ClInclude Include="..\..\..\..\addons\ofxOpenCv\libs\opencv\include\opencv2\videostab\deblurring.hpp">
      <Filter>addons\ofxOpenCv\libs\opencv\include\opencv2\videostab</Filter>
    </ClInclude>
    <ClInclude Include="..\..\..\..\addons\ofxOpenCv\libs\opencv\include\opencv2\videostab\fast_marching.hpp">
      <Filter>addons\ofxOpenCv\libs\opencv\include\opencv2\videostab</Filter>
    </ClInclude>
    <ClInclude Include="..\..\..\..\addons\ofxOpenCv\libs\opencv\include\opencv2\videostab\fast_marching_inl.hpp">
      <Filter>addons\ofxOpenCv\libs\opencv\include\opencv2\videostab</Filter>
    </ClInclude>
    <ClInclude Include="..\..\..\..\addons\ofxOpenCv\libs\opencv\include\opencv2\videostab\frame_source.hpp">
      <Filter>addons\ofxOpenCv\libs\opencv\include\opencv2\videostab</Filter>
    </ClInclude>
    <ClInclude Include="..\..\..\..\addons\ofxOpenCv\libs\opencv\include\opencv2\videostab\global_motion.hpp">
      <Filter>addons\ofxOpenCv\libs\opencv\include\opencv2\videostab</Filter>
    </ClInclude>
    <ClInclude Include="..\..\..\..\addons\ofxOpenCv\libs\opencv\include\opencv2\videostab\inpainting.hpp">
      <Filter>addons\ofxOpenCv\libs\opencv\include\opencv2\videostab</Filter>
    </ClInclude>
    <ClInclude Include="..\..\..\..\addons\ofxOpenCv\libs\opencv\include\opencv2\videostab\log.hpp">
      <Filter>addons\ofxOpenCv\libs\opencv\include\opencv2\videostab</Filter>
    </ClInclude>
    <ClInclude Include="..\..\..\..\addons\ofxOpenCv\libs\opencv\include\opencv2\videostab\motion_stabilizing.hpp">
      <Filter>addons\ofxOpenCv\libs\opencv\include\opencv2\videostab</Filter>
    </ClInclude>
    <ClInclude Include="..\..\..\..\addons\ofxOpenCv\libs\opencv\include\opencv2\videostab\optical_flow.hpp">
      <Filter>addons\ofxOpenCv\libs\opencv\include\opencv2\videostab</Filter>
    </ClInclude>
    <ClInclude Include="..\..\..\..\addons\ofxOpenCv\libs\opencv\include\opencv2\videostab\stabilizer.hpp">
      <Filter>addons\ofxOpenCv\libs\opencv\include\opencv2\videostab</Filter>
    </ClInclude>
    <ClInclude Include="..\..\..\..\addons\ofxOpenCv\libs\opencv\include\opencv2\videostab\videostab.hpp">
      <Filter>addons\ofxOpenCv\libs\opencv\include\opencv2\videostab</Filter>
    </ClInclude>
  </ItemGroup>
  <ItemGroup>
    <ResourceCompile Include="icon.rc" />
  </ItemGroup>
</Project>